
Microsoft Visual Studio Solution File, Format Version 12.00
# Visual Studio Version 17
VisualStudioVersion = 17.0.32014.148
MinimumVisualStudioVersion = 10.0.40219.1
Project("{9A19103F-16F7-4668-BE54-9A1E7A4F7556}") = "TwitterServer", "TwitterServer.csproj", "{71C65F0B-B4B5-4DE7-A7AD-9A9DA3910EFF}"
EndProject
Global
	GlobalSection(SolutionConfigurationPlatforms) = preSolution
		Debug|Any CPU = Debug|Any CPU
		Release|Any CPU = Release|Any CPU
	EndGlobalSection
	GlobalSection(ProjectConfigurationPlatforms) = postSolution
		{71C65F0B-B4B5-4DE7-A7AD-9A9DA3910EFF}.Debug|Any CPU.ActiveCfg = Debug|Any CPU
		{71C65F0B-B4B5-4DE7-A7AD-9A9DA3910EFF}.Debug|Any CPU.Build.0 = Debug|Any CPU
		{71C65F0B-B4B5-4DE7-A7AD-9A9DA3910EFF}.Release|Any CPU.ActiveCfg = Release|Any CPU
		{71C65F0B-B4B5-4DE7-A7AD-9A9DA3910EFF}.Release|Any CPU.Build.0 = Release|Any CPU
	EndGlobalSection
	GlobalSection(SolutionProperties) = preSolution
		HideSolutionNode = FALSE
	EndGlobalSection
	GlobalSection(ExtensibilityGlobals) = postSolution
		SolutionGuid = {FB83AE8D-9A05-4B81-B702-A48787D8A058}
	EndGlobalSection
EndGlobal
